
Microsoft Visual Studio Solution File, Format Version 12.00
# Visual Studio 15
VisualStudioVersion = 15.0.28307.645
MinimumVisualStudioVersion = 10.0.40219.1
Project("{FAE04EC0-301F-11D3-BF4B-00C04F79EFBC}") = "XSMP", "XSMP\XSMP.csproj", "{2AEBC785-D3A9-4A9A-9E33-94D3856FEEDE}"
EndProject
Global
	GlobalSection(SolutionConfigurationPlatforms) = preSolution
		Debug|Any CPU = Debug|Any CPU
		Release|Any CPU = Release|Any CPU
	EndGlobalSection
	GlobalSection(ProjectConfigurationPlatforms) = postSolution
		{2AEBC785-D3A9-4A9A-9E33-94D3856FEEDE}.Debug|Any CPU.ActiveCfg = Debug|Any CPU
		{2AEBC785-D3A9-4A9A-9E33-94D3856FEEDE}.Debug|Any CPU.Build.0 = Debug|Any CPU
		{2AEBC785-D3A9-4A9A-9E33-94D3856FEEDE}.Release|Any CPU.ActiveCfg = Release|Any CPU
		{2AEBC785-D3A9-4A9A-9E33-94D3856FEEDE}.Release|Any CPU.Build.0 = Release|Any CPU
	EndGlobalSection
	GlobalSection(SolutionProperties) = preSolution
		HideSolutionNode = FALSE
	EndGlobalSection
	GlobalSection(ExtensibilityGlobals) = postSolution
		SolutionGuid = {BD36FC03-A78A-48E1-BA46-3173AA706B0C}
	EndGlobalSection
EndGlobal
